// !$*UTF8*$!
{
	archiveVersion = 1;
	classes = {
	};
	objectVersion = 51;
	objects = {

/* Begin PBXBuildFile section */
		5023B96A9A3FC6111AB558FA /* Pods_prize_list.framework in Frameworks */ = {isa = PBXBuildFile; fileRef = E30D646E9504A9BF513950A3 /* Pods_prize_list.framework */; };
		6B31D02F2577A98100FEEE68 /* PrizeCell.swift in Sources */ = {isa = PBXBuildFile; fileRef = 6B31D02D2577A98100FEEE68 /* PrizeCell.swift */; };
		6B31D0302577A98100FEEE68 /* PrizeCell.xib in Resources */ = {isa = PBXBuildFile; fileRef = 6B31D02E2577A98100FEEE68 /* PrizeCell.xib */; };
		6B31D0352577AC1200FEEE68 /* Prize.swift in Sources */ = {isa = PBXBuildFile; fileRef = 6B31D0342577AC1200FEEE68 /* Prize.swift */; };
		6B3449562577B3FF00CF523E /* Double+Extensions.swift in Sources */ = {isa = PBXBuildFile; fileRef = 6B3449552577B3FF00CF523E /* Double+Extensions.swift */; };
		6B34495B2577BBC000CF523E /* PrizeListViewModel.swift in Sources */ = {isa = PBXBuildFile; fileRef = 6B34495A2577BBC000CF523E /* PrizeListViewModel.swift */; };
		6B36FCE32577E81D005AEB40 /* UIView+XibSetup.swift in Sources */ = {isa = PBXBuildFile; fileRef = 6B36FCE22577E81D005AEB40 /* UIView+XibSetup.swift */; };
		6B3893042577ED2D00CB311C /* String+Extensions.swift in Sources */ = {isa = PBXBuildFile; fileRef = 6B3893032577ED2D00CB311C /* String+Extensions.swift */; };
		6B3893172577F07400CB311C /* InputField.xib in Resources */ = {isa = PBXBuildFile; fileRef = 6B3893162577F07400CB311C /* InputField.xib */; };
		6B38931C2577F08500CB311C /* InputField.swift in Sources */ = {isa = PBXBuildFile; fileRef = 6B38931B2577F08500CB311C /* InputField.swift */; };
		6B637FD72577F38800984599 /* UITextField+Extensions.swift in Sources */ = {isa = PBXBuildFile; fileRef = 6B637FD62577F38800984599 /* UITextField+Extensions.swift */; };
		6B637FDC2577F6C400984599 /* RealmHelper.swift in Sources */ = {isa = PBXBuildFile; fileRef = 6B637FDB2577F6C400984599 /* RealmHelper.swift */; };
		6BDA07B825779E11000E77DA /* PrizeListTableViewDelegates.swift in Sources */ = {isa = PBXBuildFile; fileRef = 6BDA07B725779E11000E77DA /* PrizeListTableViewDelegates.swift */; };
		6BDA38642577931A00AE21A1 /* AppDelegate.swift in Sources */ = {isa = PBXBuildFile; fileRef = 6BDA38632577931A00AE21A1 /* AppDelegate.swift */; };
		6BDA38662577931A00AE21A1 /* SceneDelegate.swift in Sources */ = {isa = PBXBuildFile; fileRef = 6BDA38652577931A00AE21A1 /* SceneDelegate.swift */; };
		6BDA38682577931A00AE21A1 /* PrizeListViewController.swift in Sources */ = {isa = PBXBuildFile; fileRef = 6BDA38672577931A00AE21A1 /* PrizeListViewController.swift */; };
		6BDA386B2577931A00AE21A1 /* Main.storyboard in Resources */ = {isa = PBXBuildFile; fileRef = 6BDA38692577931A00AE21A1 /* Main.storyboard */; };
		6BDA386D2577931E00AE21A1 /* Assets.xcassets in Resources */ = {isa = PBXBuildFile; fileRef = 6BDA386C2577931E00AE21A1 /* Assets.xcassets */; };
		6BDA38702577931E00AE21A1 /* LaunchScreen.storyboard in Resources */ = {isa = PBXBuildFile; fileRef = 6BDA386E2577931E00AE21A1 /* LaunchScreen.storyboard */; };
		6BDA38AE2577999600AE21A1 /* CreateNewPrize.storyboard in Resources */ = {isa = PBXBuildFile; fileRef = 6BDA38AD2577999600AE21A1 /* CreateNewPrize.storyboard */; };
		6BDA38B4257799B300AE21A1 /* CreateNewPrizeViewController.swift in Sources */ = {isa = PBXBuildFile; fileRef = 6BDA38B3257799B300AE21A1 /* CreateNewPrizeViewController.swift */; };
		6BDA38BA25779A6500AE21A1 /*  NSObject+Extensions.swift in Sources */ = {isa = PBXBuildFile; fileRef = 6BDA38B925779A6500AE21A1 /*  NSObject+Extensions.swift */; };
		6BDA38C325779AA000AE21A1 /* Storyboard+Extensions.swift in Sources */ = {isa = PBXBuildFile; fileRef = 6BDA38C225779AA000AE21A1 /* Storyboard+Extensions.swift */; };
		6BDA38C825779AE600AE21A1 /* UIViewController+Extensions.swift in Sources */ = {isa = PBXBuildFile; fileRef = 6BDA38C725779AE600AE21A1 /* UIViewController+Extensions.swift */; };
/* End PBXBuildFile section */

/* Begin PBXContainerItemProxy section */
		6BDA38772577931F00AE21A1 /* PBXContainerItemProxy */ = {
			isa = PBXContainerItemProxy;
			containerPortal = 6BDA38582577931A00AE21A1 /* Project object */;
			proxyType = 1;
			remoteGlobalIDString = 6BDA385F2577931A00AE21A1;
			remoteInfo = prize_list;
		};
		6BDA38822577931F00AE21A1 /* PBXContainerItemProxy */ = {
			isa = PBXContainerItemProxy;
			containerPortal = 6BDA38582577931A00AE21A1 /* Project object */;
			proxyType = 1;
			remoteGlobalIDString = 6BDA385F2577931A00AE21A1;
			remoteInfo = prize_list;
		};
/* End PBXContainerItemProxy section */

/* Begin PBXFileReference section */
		51A0E1FAEF9F184DF0F3BA32 /* Pods-prize_list.release.xcconfig */ = {isa = PBXFileReference; includeInIndex = 1; lastKnownFileType = text.xcconfig; name = "Pods-prize_list.release.xcconfig"; path = "Target Support Files/Pods-prize_list/Pods-prize_list.release.xcconfig"; sourceTree = "<group>"; };
		6B31D02D2577A98100FEEE68 /* PrizeCell.swift */ = {isa = PBXFileReference; lastKnownFileType = sourcecode.swift; path = PrizeCell.swift; sourceTree = "<group>"; };
		6B31D02E2577A98100FEEE68 /* PrizeCell.xib */ = {isa = PBXFileReference; lastKnownFileType = file.xib; path = PrizeCell.xib; sourceTree = "<group>"; };
		6B31D0342577AC1200FEEE68 /* Prize.swift */ = {isa = PBXFileReference; lastKnownFileType = sourcecode.swift; path = Prize.swift; sourceTree = "<group>"; };
		6B3449552577B3FF00CF523E /* Double+Extensions.swift */ = {isa = PBXFileReference; lastKnownFileType = sourcecode.swift; path = "Double+Extensions.swift"; sourceTree = "<group>"; };
		6B34495A2577BBC000CF523E /* PrizeListViewModel.swift */ = {isa = PBXFileReference; lastKnownFileType = sourcecode.swift; path = PrizeListViewModel.swift; sourceTree = "<group>"; };
		6B36FCE22577E81D005AEB40 /* UIView+XibSetup.swift */ = {isa = PBXFileReference; lastKnownFileType = sourcecode.swift; path = "UIView+XibSetup.swift"; sourceTree = "<group>"; };
		6B3893032577ED2D00CB311C /* String+Extensions.swift */ = {isa = PBXFileReference; lastKnownFileType = sourcecode.swift; path = "String+Extensions.swift"; sourceTree = "<group>"; };
		6B3893162577F07400CB311C /* InputField.xib */ = {isa = PBXFileReference; lastKnownFileType = file.xib; path = InputField.xib; sourceTree = "<group>"; };
		6B38931B2577F08500CB311C /* InputField.swift */ = {isa = PBXFileReference; lastKnownFileType = sourcecode.swift; path = InputField.swift; sourceTree = "<group>"; };
		6B637FD62577F38800984599 /* UITextField+Extensions.swift */ = {isa = PBXFileReference; lastKnownFileType = sourcecode.swift; path = "UITextField+Extensions.swift"; sourceTree = "<group>"; };
		6B637FDB2577F6C400984599 /* RealmHelper.swift */ = {isa = PBXFileReference; lastKnownFileType = sourcecode.swift; path = RealmHelper.swift; sourceTree = "<group>"; };
		6BDA07B725779E11000E77DA /* PrizeListTableViewDelegates.swift */ = {isa = PBXFileReference; lastKnownFileType = sourcecode.swift; path = PrizeListTableViewDelegates.swift; sourceTree = "<group>"; };
		6BDA38602577931A00AE21A1 /* prize_list.app */ = {isa = PBXFileReference; explicitFileType = wrapper.application; includeInIndex = 0; path = prize_list.app; sourceTree = BUILT_PRODUCTS_DIR; };
		6BDA38632577931A00AE21A1 /* AppDelegate.swift */ = {isa = PBXFileReference; lastKnownFileType = sourcecode.swift; path = AppDelegate.swift; sourceTree = "<group>"; };
		6BDA38652577931A00AE21A1 /* SceneDelegate.swift */ = {isa = PBXFileReference; lastKnownFileType = sourcecode.swift; path = SceneDelegate.swift; sourceTree = "<group>"; };
		6BDA38672577931A00AE21A1 /* PrizeListViewController.swift */ = {isa = PBXFileReference; lastKnownFileType = sourcecode.swift; path = PrizeListViewController.swift; sourceTree = "<group>"; };
		6BDA386A2577931A00AE21A1 /* Base */ = {isa = PBXFileReference; lastKnownFileType = file.storyboard; name = Base; path = Base.lproj/Main.storyboard; sourceTree = "<group>"; };
		6BDA386C2577931E00AE21A1 /* Assets.xcassets */ = {isa = PBXFileReference; lastKnownFileType = folder.assetcatalog; path = Assets.xcassets; sourceTree = "<group>"; };
		6BDA386F2577931E00AE21A1 /* Base */ = {isa = PBXFileReference; lastKnownFileType = file.storyboard; name = Base; path = Base.lproj/LaunchScreen.storyboard; sourceTree = "<group>"; };
		6BDA38712577931E00AE21A1 /* Info.plist */ = {isa = PBXFileReference; lastKnownFileType = text.plist.xml; path = Info.plist; sourceTree = "<group>"; };
		6BDA38762577931F00AE21A1 /* prize_listTests.xctest */ = {isa = PBXFileReference; explicitFileType = wrapper.cfbundle; includeInIndex = 0; path = prize_listTests.xctest; sourceTree = BUILT_PRODUCTS_DIR; };
		6BDA38812577931F00AE21A1 /* prize_listUITests.xctest */ = {isa = PBXFileReference; explicitFileType = wrapper.cfbundle; includeInIndex = 0; path = prize_listUITests.xctest; sourceTree = BUILT_PRODUCTS_DIR; };
		6BDA38AD2577999600AE21A1 /* CreateNewPrize.storyboard */ = {isa = PBXFileReference; lastKnownFileType = file.storyboard; path = CreateNewPrize.storyboard; sourceTree = "<group>"; };
		6BDA38B3257799B300AE21A1 /* CreateNewPrizeViewController.swift */ = {isa = PBXFileReference; lastKnownFileType = sourcecode.swift; path = CreateNewPrizeViewController.swift; sourceTree = "<group>"; };
		6BDA38B925779A6500AE21A1 /*  NSObject+Extensions.swift */ = {isa = PBXFileReference; lastKnownFileType = sourcecode.swift; path = " NSObject+Extensions.swift"; sourceTree = "<group>"; };
		6BDA38C225779AA000AE21A1 /* Storyboard+Extensions.swift */ = {isa = PBXFileReference; lastKnownFileType = sourcecode.swift; path = "Storyboard+Extensions.swift"; sourceTree = "<group>"; };
		6BDA38C725779AE600AE21A1 /* UIViewController+Extensions.swift */ = {isa = PBXFileReference; lastKnownFileType = sourcecode.swift; path = "UIViewController+Extensions.swift"; sourceTree = "<group>"; };
		88038281ED5D002451A9FA77 /* Pods-prize_list.debug.xcconfig */ = {isa = PBXFileReference; includeInIndex = 1; lastKnownFileType = text.xcconfig; name = "Pods-prize_list.debug.xcconfig"; path = "Target Support Files/Pods-prize_list/Pods-prize_list.debug.xcconfig"; sourceTree = "<group>"; };
		E30D646E9504A9BF513950A3 /* Pods_prize_list.framework */ = {isa = PBXFileReference; explicitFileType = wrapper.framework; includeInIndex = 0; path = Pods_prize_list.framework; sourceTree = BUILT_PRODUCTS_DIR; };
/* End PBXFileReference section */

/* Begin PBXFrameworksBuildPhase section */
		6BDA385D2577931A00AE21A1 /* Frameworks */ = {
			isa = PBXFrameworksBuildPhase;
			buildActionMask = 2147483647;
			files = (
				5023B96A9A3FC6111AB558FA /* Pods_prize_list.framework in Frameworks */,
			);
			runOnlyForDeploymentPostprocessing = 0;
		};
		6BDA38732577931F00AE21A1 /* Frameworks */ = {
			isa = PBXFrameworksBuildPhase;
			buildActionMask = 2147483647;
			files = (
			);
			runOnlyForDeploymentPostprocessing = 0;
		};
		6BDA387E2577931F00AE21A1 /* Frameworks */ = {
			isa = PBXFrameworksBuildPhase;
			buildActionMask = 2147483647;
			files = (
			);
			runOnlyForDeploymentPostprocessing = 0;
		};
/* End PBXFrameworksBuildPhase section */

/* Begin PBXGroup section */
		5095AE24F25E3C9A87B75790 /* Frameworks */ = {
			isa = PBXGroup;
			children = (
				E30D646E9504A9BF513950A3 /* Pods_prize_list.framework */,
			);
			name = Frameworks;
			sourceTree = "<group>";
		};
		6B31D0392577AC1800FEEE68 /* Models */ = {
			isa = PBXGroup;
			children = (
				6B31D0342577AC1200FEEE68 /* Prize.swift */,
			);
			path = Models;
			sourceTree = "<group>";
		};
		6B36FCF12577E870005AEB40 /* InputField */ = {
			isa = PBXGroup;
			children = (
				6B3893162577F07400CB311C /* InputField.xib */,
				6B38931B2577F08500CB311C /* InputField.swift */,
			);
			path = InputField;
			sourceTree = "<group>";
		};
		6BDA07C325779E69000E77DA /* PrizeCell */ = {
			isa = PBXGroup;
			children = (
				6B31D02D2577A98100FEEE68 /* PrizeCell.swift */,
				6B31D02E2577A98100FEEE68 /* PrizeCell.xib */,
			);
			path = PrizeCell;
			sourceTree = "<group>";
		};
		6BDA38572577931A00AE21A1 = {
			isa = PBXGroup;
			children = (
				6BDA38622577931A00AE21A1 /* prize_list */,
				6BDA38612577931A00AE21A1 /* Products */,
				D770B0314FEFADCD4E8999A6 /* Pods */,
				5095AE24F25E3C9A87B75790 /* Frameworks */,
			);
			sourceTree = "<group>";
		};
		6BDA38612577931A00AE21A1 /* Products */ = {
			isa = PBXGroup;
			children = (
				6BDA38602577931A00AE21A1 /* prize_list.app */,
				6BDA38762577931F00AE21A1 /* prize_listTests.xctest */,
				6BDA38812577931F00AE21A1 /* prize_listUITests.xctest */,
			);
			name = Products;
			sourceTree = "<group>";
		};
		6BDA38622577931A00AE21A1 /* prize_list */ = {
			isa = PBXGroup;
			children = (
				6BDA38632577931A00AE21A1 /* AppDelegate.swift */,
				6BDA38652577931A00AE21A1 /* SceneDelegate.swift */,
				6B31D0392577AC1800FEEE68 /* Models */,
				6BDA38AB2577994100AE21A1 /* Screens */,
				6BDA38692577931A00AE21A1 /* Main.storyboard */,
				6BDA386C2577931E00AE21A1 /* Assets.xcassets */,
				6BDA386E2577931E00AE21A1 /* LaunchScreen.storyboard */,
				6BDA38712577931E00AE21A1 /* Info.plist */,
				6BDA38BE25779A6900AE21A1 /* Extensions */,
				6B637FDB2577F6C400984599 /* RealmHelper.swift */,
			);
			path = prize_list;
			sourceTree = "<group>";
		};
		6BDA38AB2577994100AE21A1 /* Screens */ = {
			isa = PBXGroup;
			children = (
				6BDA38AC2577995200AE21A1 /* PrizeList */,
				6BDA38B22577999E00AE21A1 /* CreateNewPrize */,
			);
			path = Screens;
			sourceTree = "<group>";
		};
		6BDA38AC2577995200AE21A1 /* PrizeList */ = {
			isa = PBXGroup;
			children = (
				6B34495A2577BBC000CF523E /* PrizeListViewModel.swift */,
				6BDA38672577931A00AE21A1 /* PrizeListViewController.swift */,
				6BDA07B725779E11000E77DA /* PrizeListTableViewDelegates.swift */,
				6BDA07C325779E69000E77DA /* PrizeCell */,
			);
			path = PrizeList;
			sourceTree = "<group>";
		};
		6BDA38B22577999E00AE21A1 /* CreateNewPrize */ = {
			isa = PBXGroup;
			children = (
				6BDA38AD2577999600AE21A1 /* CreateNewPrize.storyboard */,
				6BDA38B3257799B300AE21A1 /* CreateNewPrizeViewController.swift */,
				6B36FCF12577E870005AEB40 /* InputField */,
			);
			path = CreateNewPrize;
			sourceTree = "<group>";
		};
		6BDA38BE25779A6900AE21A1 /* Extensions */ = {
			isa = PBXGroup;
			children = (
				6BDA38B925779A6500AE21A1 /*  NSObject+Extensions.swift */,
				6BDA38C225779AA000AE21A1 /* Storyboard+Extensions.swift */,
				6BDA38C725779AE600AE21A1 /* UIViewController+Extensions.swift */,
				6B3449552577B3FF00CF523E /* Double+Extensions.swift */,
				6B36FCE22577E81D005AEB40 /* UIView+XibSetup.swift */,
				6B3893032577ED2D00CB311C /* String+Extensions.swift */,
				6B637FD62577F38800984599 /* UITextField+Extensions.swift */,
			);
			path = Extensions;
			sourceTree = "<group>";
		};
		D770B0314FEFADCD4E8999A6 /* Pods */ = {
			isa = PBXGroup;
			children = (
				88038281ED5D002451A9FA77 /* Pods-prize_list.debug.xcconfig */,
				51A0E1FAEF9F184DF0F3BA32 /* Pods-prize_list.release.xcconfig */,
			);
			path = Pods;
			sourceTree = "<group>";
		};
/* End PBXGroup section */

/* Begin PBXNativeTarget section */
		6BDA385F2577931A00AE21A1 /* prize_list */ = {
			isa = PBXNativeTarget;
			buildConfigurationList = 6BDA388A2577931F00AE21A1 /* Build configuration list for PBXNativeTarget "prize_list" */;
			buildPhases = (
				E26CF52310C7FC39B1EE8358 /* [CP] Check Pods Manifest.lock */,
				6BDA385C2577931A00AE21A1 /* Sources */,
				6BDA385D2577931A00AE21A1 /* Frameworks */,
				6BDA385E2577931A00AE21A1 /* Resources */,
				2F7FA6B2FE10C39BF7D28817 /* [CP] Embed Pods Frameworks */,
			);
			buildRules = (
			);
			dependencies = (
			);
			name = prize_list;
			productName = prize_list;
			productReference = 6BDA38602577931A00AE21A1 /* prize_list.app */;
			productType = "com.apple.product-type.application";
		};
		6BDA38752577931F00AE21A1 /* prize_listTests */ = {
			isa = PBXNativeTarget;
			buildConfigurationList = 6BDA388D2577931F00AE21A1 /* Build configuration list for PBXNativeTarget "prize_listTests" */;
			buildPhases = (
				6BDA38722577931F00AE21A1 /* Sources */,
				6BDA38732577931F00AE21A1 /* Frameworks */,
				6BDA38742577931F00AE21A1 /* Resources */,
			);
			buildRules = (
			);
			dependencies = (
				6BDA38782577931F00AE21A1 /* PBXTargetDependency */,
			);
			name = prize_listTests;
			productName = prize_listTests;
			productReference = 6BDA38762577931F00AE21A1 /* prize_listTests.xctest */;
			productType = "com.apple.product-type.bundle.unit-test";
		};
		6BDA38802577931F00AE21A1 /* prize_listUITests */ = {
			isa = PBXNativeTarget;
			buildConfigurationList = 6BDA38902577931F00AE21A1 /* Build configuration list for PBXNativeTarget "prize_listUITests" */;
			buildPhases = (
				6BDA387D2577931F00AE21A1 /* Sources */,
				6BDA387E2577931F00AE21A1 /* Frameworks */,
				6BDA387F2577931F00AE21A1 /* Resources */,
			);
			buildRules = (
			);
			dependencies = (
				6BDA38832577931F00AE21A1 /* PBXTargetDependency */,
			);
			name = prize_listUITests;
			productName = prize_listUITests;
			productReference = 6BDA38812577931F00AE21A1 /* prize_listUITests.xctest */;
			productType = "com.apple.product-type.bundle.ui-testing";
		};
/* End PBXNativeTarget section */

/* Begin PBXProject section */
		6BDA38582577931A00AE21A1 /* Project object */ = {
			isa = PBXProject;
			attributes = {
				LastSwiftUpdateCheck = 1220;
				LastUpgradeCheck = 1220;
				TargetAttributes = {
					6BDA385F2577931A00AE21A1 = {
						CreatedOnToolsVersion = 12.2;
					};
					6BDA38752577931F00AE21A1 = {
						CreatedOnToolsVersion = 12.2;
						TestTargetID = 6BDA385F2577931A00AE21A1;
					};
					6BDA38802577931F00AE21A1 = {
						CreatedOnToolsVersion = 12.2;
						TestTargetID = 6BDA385F2577931A00AE21A1;
					};
				};
			};
			buildConfigurationList = 6BDA385B2577931A00AE21A1 /* Build configuration list for PBXProject "prize_list" */;
			compatibilityVersion = "Xcode 9.3";
			developmentRegion = en;
			hasScannedForEncodings = 0;
			knownRegions = (
				en,
				Base,
			);
			mainGroup = 6BDA38572577931A00AE21A1;
			productRefGroup = 6BDA38612577931A00AE21A1 /* Products */;
			projectDirPath = "";
			projectRoot = "";
			targets = (
				6BDA385F2577931A00AE21A1 /* prize_list */,
				6BDA38752577931F00AE21A1 /* prize_listTests */,
				6BDA38802577931F00AE21A1 /* prize_listUITests */,
			);
		};
/* End PBXProject section */

/* Begin PBXResourcesBuildPhase section */
		6BDA385E2577931A00AE21A1 /* Resources */ = {
			isa = PBXResourcesBuildPhase;
			buildActionMask = 2147483647;
			files = (
				6BDA38AE2577999600AE21A1 /* CreateNewPrize.storyboard in Resources */,
				6B3893172577F07400CB311C /* InputField.xib in Resources */,
				6BDA38702577931E00AE21A1 /* LaunchScreen.storyboard in Resources */,
				6BDA386D2577931E00AE21A1 /* Assets.xcassets in Resources */,
				6BDA386B2577931A00AE21A1 /* Main.storyboard in Resources */,
				6B31D0302577A98100FEEE68 /* PrizeCell.xib in Resources */,
			);
			runOnlyForDeploymentPostprocessing = 0;
		};
		6BDA38742577931F00AE21A1 /* Resources */ = {
			isa = PBXResourcesBuildPhase;
			buildActionMask = 2147483647;
			files = (
			);
			runOnlyForDeploymentPostprocessing = 0;
		};
		6BDA387F2577931F00AE21A1 /* Resources */ = {
			isa = PBXResourcesBuildPhase;
			buildActionMask = 2147483647;
			files = (
			);
			runOnlyForDeploymentPostprocessing = 0;
		};
/* End PBXResourcesBuildPhase section */

/* Begin PBXShellScriptBuildPhase section */
		2F7FA6B2FE10C39BF7D28817 /* [CP] Embed Pods Frameworks */ = {
			isa = PBXShellScriptBuildPhase;
			buildActionMask = 2147483647;
			files = (
			);
			inputFileListPaths = (
				"${PODS_ROOT}/Target Support Files/Pods-prize_list/Pods-prize_list-frameworks-${CONFIGURATION}-input-files.xcfilelist",
			);
			name = "[CP] Embed Pods Frameworks";
			outputFileListPaths = (
				"${PODS_ROOT}/Target Support Files/Pods-prize_list/Pods-prize_list-frameworks-${CONFIGURATION}-output-files.xcfilelist",
			);
			runOnlyForDeploymentPostprocessing = 0;
			shellPath = /bin/sh;
			shellScript = "\"${PODS_ROOT}/Target Support Files/Pods-prize_list/Pods-prize_list-frameworks.sh\"\n";
			showEnvVarsInLog = 0;
		};
		E26CF52310C7FC39B1EE8358 /* [CP] Check Pods Manifest.lock */ = {
			isa = PBXShellScriptBuildPhase;
			buildActionMask = 2147483647;
			files = (
			);
			inputFileListPaths = (
			);
			inputPaths = (
				"${PODS_PODFILE_DIR_PATH}/Podfile.lock",
				"${PODS_ROOT}/Manifest.lock",
			);
			name = "[CP] Check Pods Manifest.lock";
			outputFileListPaths = (
			);
			outputPaths = (
				"$(DERIVED_FILE_DIR)/Pods-prize_list-checkManifestLockResult.txt",
			);
			runOnlyForDeploymentPostprocessing = 0;
			shellPath = /bin/sh;
			shellScript = "diff \"${PODS_PODFILE_DIR_PATH}/Podfile.lock\" \"${PODS_ROOT}/Manifest.lock\" > /dev/null\nif [ $? != 0 ] ; then\n    # print error to STDERR\n    echo \"error: The sandbox is not in sync with the Podfile.lock. Run 'pod install' or update your CocoaPods installation.\" >&2\n    exit 1\nfi\n# This output is used by Xcode 'outputs' to avoid re-running this script phase.\necho \"SUCCESS\" > \"${SCRIPT_OUTPUT_FILE_0}\"\n";
			showEnvVarsInLog = 0;
		};
/* End PBXShellScriptBuildPhase section */

/* Begin PBXSourcesBuildPhase section */
		6BDA385C2577931A00AE21A1 /* Sources */ = {
			isa = PBXSourcesBuildPhase;
			buildActionMask = 2147483647;
			files = (
				6B31D02F2577A98100FEEE68 /* PrizeCell.swift in Sources */,
				6BDA38C325779AA000AE21A1 /* Storyboard+Extensions.swift in Sources */,
				6BDA07B825779E11000E77DA /* PrizeListTableViewDelegates.swift in Sources */,
				6BDA38B4257799B300AE21A1 /* CreateNewPrizeViewController.swift in Sources */,
				6BDA38682577931A00AE21A1 /* PrizeListViewController.swift in Sources */,
				6BDA38C825779AE600AE21A1 /* UIViewController+Extensions.swift in Sources */,
				6B31D0352577AC1200FEEE68 /* Prize.swift in Sources */,
				6BDA38642577931A00AE21A1 /* AppDelegate.swift in Sources */,
				6B38931C2577F08500CB311C /* InputField.swift in Sources */,
				6B637FD72577F38800984599 /* UITextField+Extensions.swift in Sources */,
				6BDA38BA25779A6500AE21A1 /*  NSObject+Extensions.swift in Sources */,
				6B3893042577ED2D00CB311C /* String+Extensions.swift in Sources */,
				6B34495B2577BBC000CF523E /* PrizeListViewModel.swift in Sources */,
				6B3449562577B3FF00CF523E /* Double+Extensions.swift in Sources */,
				6B36FCE32577E81D005AEB40 /* UIView+XibSetup.swift in Sources */,
				6BDA38662577931A00AE21A1 /* SceneDelegate.swift in Sources */,
				6B637FDC2577F6C400984599 /* RealmHelper.swift in Sources */,
			);
			runOnlyForDeploymentPostprocessing = 0;
		};
		6BDA38722577931F00AE21A1 /* Sources */ = {
			isa = PBXSourcesBuildPhase;
			buildActionMask = 2147483647;
			files = (
			);
			runOnlyForDeploymentPostprocessing = 0;
		};
		6BDA387D2577931F00AE21A1 /* Sources */ = {
			isa = PBXSourcesBuildPhase;
			buildActionMask = 2147483647;
			files = (
			);
			runOnlyForDeploymentPostprocessing = 0;
		};
/* End PBXSourcesBuildPhase section */

/* Begin PBXTargetDependency section */
		6BDA38782577931F00AE21A1 /* PBXTargetDependency */ = {
			isa = PBXTargetDependency;
			target = 6BDA385F2577931A00AE21A1 /* prize_list */;
			targetProxy = 6BDA38772577931F00AE21A1 /* PBXContainerItemProxy */;
		};
		6BDA38832577931F00AE21A1 /* PBXTargetDependency */ = {
			isa = PBXTargetDependency;
			target = 6BDA385F2577931A00AE21A1 /* prize_list */;
			targetProxy = 6BDA38822577931F00AE21A1 /* PBXContainerItemProxy */;
		};
/* End PBXTargetDependency section */

/* Begin PBXVariantGroup section */
		6BDA38692577931A00AE21A1 /* Main.storyboard */ = {
			isa = PBXVariantGroup;
			children = (
				6BDA386A2577931A00AE21A1 /* Base */,
			);
			name = Main.storyboard;
			sourceTree = "<group>";
		};
		6BDA386E2577931E00AE21A1 /* LaunchScreen.storyboard */ = {
			isa = PBXVariantGroup;
			children = (
				6BDA386F2577931E00AE21A1 /* Base */,
			);
			name = LaunchScreen.storyboard;
			sourceTree = "<group>";
		};
/* End PBXVariantGroup section */

/* Begin XCBuildConfiguration section */
		6BDA38882577931F00AE21A1 /* Debug */ = {
			isa = XCBuildConfiguration;
			buildSettings = {
				ALWAYS_SEARCH_USER_PATHS = NO;
				CLANG_ANALYZER_NONNULL = YES;
				CLANG_ANALYZER_NUMBER_OBJECT_CONVERSION = YES_AGGRESSIVE;
				CLANG_CXX_LANGUAGE_STANDARD = "gnu++14";
				CLANG_CXX_LIBRARY = "libc++";
				CLANG_ENABLE_MODULES = YES;
				CLANG_ENABLE_OBJC_ARC = YES;
				CLANG_ENABLE_OBJC_WEAK = YES;
				CLANG_WARN_BLOCK_CAPTURE_AUTORELEASING = YES;
				CLANG_WARN_BOOL_CONVERSION = YES;
				CLANG_WARN_COMMA = YES;
				CLANG_WARN_CONSTANT_CONVERSION = YES;
				CLANG_WARN_DEPRECATED_OBJC_IMPLEMENTATIONS = YES;
				CLANG_WARN_DIRECT_OBJC_ISA_USAGE = YES_ERROR;
				CLANG_WARN_DOCUMENTATION_COMMENTS = YES;
				CLANG_WARN_EMPTY_BODY = YES;
				CLANG_WARN_ENUM_CONVERSION = YES;
				CLANG_WARN_INFINITE_RECURSION = YES;
				CLANG_WARN_INT_CONVERSION = YES;
				CLANG_WARN_NON_LITERAL_NULL_CONVERSION = YES;
				CLANG_WARN_OBJC_IMPLICIT_RETAIN_SELF = YES;
				CLANG_WARN_OBJC_LITERAL_CONVERSION = YES;
				CLANG_WARN_OBJC_ROOT_CLASS = YES_ERROR;
				CLANG_WARN_QUOTED_INCLUDE_IN_FRAMEWORK_HEADER = YES;
				CLANG_WARN_RANGE_LOOP_ANALYSIS = YES;
				CLANG_WARN_STRICT_PROTOTYPES = YES;
				CLANG_WARN_SUSPICIOUS_MOVE = YES;
				CLANG_WARN_UNGUARDED_AVAILABILITY = YES_AGGRESSIVE;
				CLANG_WARN_UNREACHABLE_CODE = YES;
				CLANG_WARN__DUPLICATE_METHOD_MATCH = YES;
				COPY_PHASE_STRIP = NO;
				DEBUG_INFORMATION_FORMAT = dwarf;
				ENABLE_STRICT_OBJC_MSGSEND = YES;
				ENABLE_TESTABILITY = YES;
				GCC_C_LANGUAGE_STANDARD = gnu11;
				GCC_DYNAMIC_NO_PIC = NO;
				GCC_NO_COMMON_BLOCKS = YES;
				GCC_OPTIMIZATION_LEVEL = 0;
				GCC_PREPROCESSOR_DEFINITIONS = (
					"DEBUG=1",
					"$(inherited)",
				);
				GCC_WARN_64_TO_32_BIT_CONVERSION = YES;
				GCC_WARN_ABOUT_RETURN_TYPE = YES_ERROR;
				GCC_WARN_UNDECLARED_SELECTOR = YES;
				GCC_WARN_UNINITIALIZED_AUTOS = YES_AGGRESSIVE;
				GCC_WARN_UNUSED_FUNCTION = YES;
				GCC_WARN_UNUSED_VARIABLE = YES;
				IPHONEOS_DEPLOYMENT_TARGET = 13.0;
				MTL_ENABLE_DEBUG_INFO = INCLUDE_SOURCE;
				MTL_FAST_MATH = YES;
				ONLY_ACTIVE_ARCH = YES;
				SDKROOT = iphoneos;
				SWIFT_ACTIVE_COMPILATION_CONDITIONS = DEBUG;
				SWIFT_OPTIMIZATION_LEVEL = "-Onone";
			};
			name = Debug;
		};
		6BDA38892577931F00AE21A1 /* Release */ = {
			isa = XCBuildConfiguration;
			buildSettings = {
				ALWAYS_SEARCH_USER_PATHS = NO;
				CLANG_ANALYZER_NONNULL = YES;
				CLANG_ANALYZER_NUMBER_OBJECT_CONVERSION = YES_AGGRESSIVE;
				CLANG_CXX_LANGUAGE_STANDARD = "gnu++14";
				CLANG_CXX_LIBRARY = "libc++";
				CLANG_ENABLE_MODULES = YES;
				CLANG_ENABLE_OBJC_ARC = YES;
				CLANG_ENABLE_OBJC_WEAK = YES;
				CLANG_WARN_BLOCK_CAPTURE_AUTORELEASING = YES;
				CLANG_WARN_BOOL_CONVERSION = YES;
				CLANG_WARN_COMMA = YES;
				CLANG_WARN_CONSTANT_CONVERSION = YES;
				CLANG_WARN_DEPRECATED_OBJC_IMPLEMENTATIONS = YES;
				CLANG_WARN_DIRECT_OBJC_ISA_USAGE = YES_ERROR;
				CLANG_WARN_DOCUMENTATION_COMMENTS = YES;
				CLANG_WARN_EMPTY_BODY = YES;
				CLANG_WARN_ENUM_CONVERSION = YES;
				CLANG_WARN_INFINITE_RECURSION = YES;
				CLANG_WARN_INT_CONVERSION = YES;
				CLANG_WARN_NON_LITERAL_NULL_CONVERSION = YES;
				CLANG_WARN_OBJC_IMPLICIT_RETAIN_SELF = YES;
				CLANG_WARN_OBJC_LITERAL_CONVERSION = YES;
				CLANG_WARN_OBJC_ROOT_CLASS = YES_ERROR;
				CLANG_WARN_QUOTED_INCLUDE_IN_FRAMEWORK_HEADER = YES;
				CLANG_WARN_RANGE_LOOP_ANALYSIS = YES;
				CLANG_WARN_STRICT_PROTOTYPES = YES;
				CLANG_WARN_SUSPICIOUS_MOVE = YES;
				CLANG_WARN_UNGUARDED_AVAILABILITY = YES_AGGRESSIVE;
				CLANG_WARN_UNREACHABLE_CODE = YES;
				CLANG_WARN__DUPLICATE_METHOD_MATCH = YES;
				COPY_PHASE_STRIP = NO;
				DEBUG_INFORMATION_FORMAT = "dwarf-with-dsym";
				ENABLE_NS_ASSERTIONS = NO;
				ENABLE_STRICT_OBJC_MSGSEND = YES;
				GCC_C_LANGUAGE_STANDARD = gnu11;
				GCC_NO_COMMON_BLOCKS = YES;
				GCC_WARN_64_TO_32_BIT_CONVERSION = YES;
				GCC_WARN_ABOUT_RETURN_TYPE = YES_ERROR;
				GCC_WARN_UNDECLARED_SELECTOR = YES;
				GCC_WARN_UNINITIALIZED_AUTOS = YES_AGGRESSIVE;
				GCC_WARN_UNUSED_FUNCTION = YES;
				GCC_WARN_UNUSED_VARIABLE = YES;
				IPHONEOS_DEPLOYMENT_TARGET = 13.0;
				MTL_ENABLE_DEBUG_INFO = NO;
				MTL_FAST_MATH = YES;
				SDKROOT = iphoneos;
				SWIFT_COMPILATION_MODE = wholemodule;
				SWIFT_OPTIMIZATION_LEVEL = "-O";
				VALIDATE_PRODUCT = YES;
			};
			name = Release;
		};
		6BDA388B2577931F00AE21A1 /* Debug */ = {
			isa = XCBuildConfiguration;
			baseConfigurationReference = 88038281ED5D002451A9FA77 /* Pods-prize_list.debug.xcconfig */;
			buildSettings = {
				ASSETCATALOG_COMPILER_APPICON_NAME = AppIcon;
				ASSETCATALOG_COMPILER_GLOBAL_ACCENT_COLOR_NAME = AccentColor;
				CODE_SIGN_STYLE = Automatic;
				DEVELOPMENT_TEAM = GAD7P6B8PH;
				INFOPLIST_FILE = prize_list/Info.plist;
				IPHONEOS_DEPLOYMENT_TARGET = 13.0;
				LD_RUNPATH_SEARCH_PATHS = (
					"$(inherited)",
					"@executable_path/Frameworks",
				);
				PRODUCT_BUNDLE_IDENTIFIER = "Tarasenko.Yurii.prize-list";
				PRODUCT_NAME = "$(TARGET_NAME)";
				SWIFT_VERSION = 5.0;
				TARGETED_DEVICE_FAMILY = "1,2";
			};
			name = Debug;
		};
		6BDA388C2577931F00AE21A1 /* Release */ = {
			isa = XCBuildConfiguration;
			baseConfigurationReference = 51A0E1FAEF9F184DF0F3BA32 /* Pods-prize_list.release.xcconfig */;
			buildSettings = {
				ASSETCATALOG_COMPILER_APPICON_NAME = AppIcon;
				ASSETCATALOG_COMPILER_GLOBAL_ACCENT_COLOR_NAME = AccentColor;
				CODE_SIGN_STYLE = Automatic;
				DEVELOPMENT_TEAM = GAD7P6B8PH;
				INFOPLIST_FILE = prize_list/Info.plist;
				IPHONEOS_DEPLOYMENT_TARGET = 13.0;
				LD_RUNPATH_SEARCH_PATHS = (
					"$(inherited)",
					"@executable_path/Frameworks",
				);
				PRODUCT_BUNDLE_IDENTIFIER = "Tarasenko.Yurii.prize-list";
				PRODUCT_NAME = "$(TARGET_NAME)";
				SWIFT_VERSION = 5.0;
				TARGETED_DEVICE_FAMILY = "1,2";
			};
			name = Release;
		};
		6BDA388E2577931F00AE21A1 /* Debug */ = {
			isa = XCBuildConfiguration;
			buildSettings = {
				ALWAYS_EMBED_SWIFT_STANDARD_LIBRARIES = YES;
				BUNDLE_LOADER = "$(TEST_HOST)";
				CODE_SIGN_STYLE = Automatic;
				DEVELOPMENT_TEAM = GAD7P6B8PH;
				INFOPLIST_FILE = prize_listTests/Info.plist;
				IPHONEOS_DEPLOYMENT_TARGET = 14.2;
				LD_RUNPATH_SEARCH_PATHS = (
					"$(inherited)",
					"@executable_path/Frameworks",
					"@loader_path/Frameworks",
				);
				PRODUCT_BUNDLE_IDENTIFIER = "Tarasenko.Yurii.prize-listTests";
				PRODUCT_NAME = "$(TARGET_NAME)";
				SWIFT_VERSION = 5.0;
				TARGETED_DEVICE_FAMILY = "1,2";
				TEST_HOST = "$(BUILT_PRODUCTS_DIR)/prize_list.app/prize_list";
			};
			name = Debug;
		};
		6BDA388F2577931F00AE21A1 /* Release */ = {
			isa = XCBuildConfiguration;
			buildSettings = {
				ALWAYS_EMBED_SWIFT_STANDARD_LIBRARIES = YES;
				BUNDLE_LOADER = "$(TEST_HOST)";
				CODE_SIGN_STYLE = Automatic;
				DEVELOPMENT_TEAM = GAD7P6B8PH;
				INFOPLIST_FILE = prize_listTests/Info.plist;
				IPHONEOS_DEPLOYMENT_TARGET = 14.2;
				LD_RUNPATH_SEARCH_PATHS = (
					"$(inherited)",
					"@executable_path/Frameworks",
					"@loader_path/Frameworks",
				);
				PRODUCT_BUNDLE_IDENTIFIER = "Tarasenko.Yurii.prize-listTests";
				PRODUCT_NAME = "$(TARGET_NAME)";
				SWIFT_VERSION = 5.0;
				TARGETED_DEVICE_FAMILY = "1,2";
				TEST_HOST = "$(BUILT_PRODUCTS_DIR)/prize_list.app/prize_list";
			};
			name = Release;
		};
		6BDA38912577931F00AE21A1 /* Debug */ = {
			isa = XCBuildConfiguration;
			buildSettings = {
				ALWAYS_EMBED_SWIFT_STANDARD_LIBRARIES = YES;
				CODE_SIGN_STYLE = Automatic;
				DEVELOPMENT_TEAM = GAD7P6B8PH;
				INFOPLIST_FILE = prize_listUITests/Info.plist;
				LD_RUNPATH_SEARCH_PATHS = (
					"$(inherited)",
					"@executable_path/Frameworks",
					"@loader_path/Frameworks",
				);
				PRODUCT_BUNDLE_IDENTIFIER = "Tarasenko.Yurii.prize-listUITests";
				PRODUCT_NAME = "$(TARGET_NAME)";
				SWIFT_VERSION = 5.0;
				TARGETED_DEVICE_FAMILY = "1,2";
				TEST_TARGET_NAME = prize_list;
			};
			name = Debug;
		};
		6BDA38922577931F00AE21A1 /* Release */ = {
			isa = XCBuildConfiguration;
			buildSettings = {
				ALWAYS_EMBED_SWIFT_STANDARD_LIBRARIES = YES;
				CODE_SIGN_STYLE = Automatic;
				DEVELOPMENT_TEAM = GAD7P6B8PH;
				INFOPLIST_FILE = prize_listUITests/Info.plist;
				LD_RUNPATH_SEARCH_PATHS = (
					"$(inherited)",
					"@executable_path/Frameworks",
					"@loader_path/Frameworks",
				);
				PRODUCT_BUNDLE_IDENTIFIER = "Tarasenko.Yurii.prize-listUITests";
				PRODUCT_NAME = "$(TARGET_NAME)";
				SWIFT_VERSION = 5.0;
				TARGETED_DEVICE_FAMILY = "1,2";
				TEST_TARGET_NAME = prize_list;
			};
			name = Release;
		};
/* End XCBuildConfiguration section */

/* Begin XCConfigurationList section */
		6BDA385B2577931A00AE21A1 /* Build configuration list for PBXProject "prize_list" */ = {
			isa = XCConfigurationList;
			buildConfigurations = (
				6BDA38882577931F00AE21A1 /* Debug */,
				6BDA38892577931F00AE21A1 /* Release */,
			);
			defaultConfigurationIsVisible = 0;
			defaultConfigurationName = Release;
		};
		6BDA388A2577931F00AE21A1 /* Build configuration list for PBXNativeTarget "prize_list" */ = {
			isa = XCConfigurationList;
			buildConfigurations = (
				6BDA388B2577931F00AE21A1 /* Debug */,
				6BDA388C2577931F00AE21A1 /* Release */,
			);
			defaultConfigurationIsVisible = 0;
			defaultConfigurationName = Release;
		};
		6BDA388D2577931F00AE21A1 /* Build configuration list for PBXNativeTarget "prize_listTests" */ = {
			isa = XCConfigurationList;
			buildConfigurations = (
				6BDA388E2577931F00AE21A1 /* Debug */,
				6BDA388F2577931F00AE21A1 /* Release */,
			);
			defaultConfigurationIsVisible = 0;
			defaultConfigurationName = Release;
		};
		6BDA38902577931F00AE21A1 /* Build configuration list for PBXNativeTarget "prize_listUITests" */ = {
			isa = XCConfigurationList;
			buildConfigurations = (
				6BDA38912577931F00AE21A1 /* Debug */,
				6BDA38922577931F00AE21A1 /* Release */,
			);
			defaultConfigurationIsVisible = 0;
			defaultConfigurationName = Release;
		};
/* End XCConfigurationList section */
	};
	rootObject = 6BDA38582577931A00AE21A1 /* Project object */;
}
